
Microsoft Visual Studio Solution File, Format Version 12.00
# Visual Studio Version 17
VisualStudioVersion = 17.10.34818.151
MinimumVisualStudioVersion = 10.0.40219.1
Project("{9A19103F-16F7-4668-BE54-9A1E7A4F7556}") = "BulkyWeb", "BulkyWeb\BulkyWeb.csproj", "{977D9A75-3610-4389-AA4C-4B1113D1F03D}"
EndProject
Project("{9A19103F-16F7-4668-BE54-9A1E7A4F7556}") = "BulkyWebRazor_Temp", "BulkyWebRazor_Temp\BulkyWebRazor_Temp.csproj", "{038934B5-B952-48AC-9034-F022CE72CEAC}"
EndProject
Global
	GlobalSection(SolutionConfigurationPlatforms) = preSolution
		Debug|Any CPU = Debug|Any CPU
		Release|Any CPU = Release|Any CPU
	EndGlobalSection
	GlobalSection(ProjectConfigurationPlatforms) = postSolution
		{977D9A75-3610-4389-AA4C-4B1113D1F03D}.Debug|Any CPU.ActiveCfg = Debug|Any CPU
		{977D9A75-3610-4389-AA4C-4B1113D1F03D}.Debug|Any CPU.Build.0 = Debug|Any CPU
		{977D9A75-3610-4389-AA4C-4B1113D1F03D}.Release|Any CPU.ActiveCfg = Release|Any CPU
		{977D9A75-3610-4389-AA4C-4B1113D1F03D}.Release|Any CPU.Build.0 = Release|Any CPU
		{038934B5-B952-48AC-9034-F022CE72CEAC}.Debug|Any CPU.ActiveCfg = Debug|Any CPU
		{038934B5-B952-48AC-9034-F022CE72CEAC}.Debug|Any CPU.Build.0 = Debug|Any CPU
		{038934B5-B952-48AC-9034-F022CE72CEAC}.Release|Any CPU.ActiveCfg = Release|Any CPU
		{038934B5-B952-48AC-9034-F022CE72CEAC}.Release|Any CPU.Build.0 = Release|Any CPU
	EndGlobalSection
	GlobalSection(SolutionProperties) = preSolution
		HideSolutionNode = FALSE
	EndGlobalSection
	GlobalSection(ExtensibilityGlobals) = postSolution
		SolutionGuid = {5AC72BEF-C8D7-4FD5-84B5-1CE63166C32E}
	EndGlobalSection
EndGlobal
